
Microsoft Visual Studio Solution File, Format Version 12.00
# Visual Studio Version 16
VisualStudioVersion = 16.0.30309.148
MinimumVisualStudioVersion = 10.0.40219.1
Project("{FAE04EC0-301F-11D3-BF4B-00C04F79EFBC}") = "Heart_volume_display", "Heart_volume_display\Heart_volume_display.csproj", "{856E1F47-D27F-4BA1-8476-4B9BFEB99A26}"
EndProject
Global
	GlobalSection(SolutionConfigurationPlatforms) = preSolution
		Debug|Any CPU = Debug|Any CPU
		Release|Any CPU = Release|Any CPU
	EndGlobalSection
	GlobalSection(ProjectConfigurationPlatforms) = postSolution
		{856E1F47-D27F-4BA1-8476-4B9BFEB99A26}.Debug|Any CPU.ActiveCfg = Debug|Any CPU
		{856E1F47-D27F-4BA1-8476-4B9BFEB99A26}.Debug|Any CPU.Build.0 = Debug|Any CPU
		{856E1F47-D27F-4BA1-8476-4B9BFEB99A26}.Release|Any CPU.ActiveCfg = Release|Any CPU
		{856E1F47-D27F-4BA1-8476-4B9BFEB99A26}.Release|Any CPU.Build.0 = Release|Any CPU
	EndGlobalSection
	GlobalSection(SolutionProperties) = preSolution
		HideSolutionNode = FALSE
	EndGlobalSection
	GlobalSection(ExtensibilityGlobals) = postSolution
		SolutionGuid = {3112B2D4-A913-42A0-B425-F1E7C03D18F5}
	EndGlobalSection
EndGlobal
